
Microsoft Visual Studio Solution File, Format Version 12.00
# Visual Studio Version 17
VisualStudioVersion = 17.14.36414.22 d17.14
MinimumVisualStudioVersion = 10.0.40219.1
Project("{FAE04EC0-301F-11D3-BF4B-00C04F79EFBC}") = "DPA.Reciclaje.API", "DPA.Reciclaje.API\DPA.Reciclaje.API.csproj", "{31A7CB12-0F38-44A1-AC83-D13AB73209D9}"
EndProject
Project("{FAE04EC0-301F-11D3-BF4B-00C04F79EFBC}") = "DPA.Reciclaje.CORE", "DPA.Reciclaje.CORE\DPA.Reciclaje.CORE.csproj", "{91B81CE2-186E-41C7-9BB5-68A9B8ADDD6F}"
EndProject
Global
	GlobalSection(SolutionConfigurationPlatforms) = preSolution
		Debug|Any CPU = Debug|Any CPU
		Release|Any CPU = Release|Any CPU
	EndGlobalSection
	GlobalSection(ProjectConfigurationPlatforms) = postSolution
		{31A7CB12-0F38-44A1-AC83-D13AB73209D9}.Debug|Any CPU.ActiveCfg = Debug|Any CPU
		{31A7CB12-0F38-44A1-AC83-D13AB73209D9}.Debug|Any CPU.Build.0 = Debug|Any CPU
		{31A7CB12-0F38-44A1-AC83-D13AB73209D9}.Release|Any CPU.ActiveCfg = Release|Any CPU
		{31A7CB12-0F38-44A1-AC83-D13AB73209D9}.Release|Any CPU.Build.0 = Release|Any CPU
		{91B81CE2-186E-41C7-9BB5-68A9B8ADDD6F}.Debug|Any CPU.ActiveCfg = Debug|Any CPU
		{91B81CE2-186E-41C7-9BB5-68A9B8ADDD6F}.Debug|Any CPU.Build.0 = Debug|Any CPU
		{91B81CE2-186E-41C7-9BB5-68A9B8ADDD6F}.Release|Any CPU.ActiveCfg = Release|Any CPU
		{91B81CE2-186E-41C7-9BB5-68A9B8ADDD6F}.Release|Any CPU.Build.0 = Release|Any CPU
	EndGlobalSection
	GlobalSection(SolutionProperties) = preSolution
		HideSolutionNode = FALSE
	EndGlobalSection
	GlobalSection(ExtensibilityGlobals) = postSolution
		SolutionGuid = {8864CD31-1773-45D2-A56F-CC4E7A00A855}
	EndGlobalSection
EndGlobal
